
Microsoft Visual Studio Solution File, Format Version 12.00
# Visual Studio 15
VisualStudioVersion = 15.0.27004.2002
MinimumVisualStudioVersion = 10.0.40219.1
Project("{FAE04EC0-301F-11D3-BF4B-00C04F79EFBC}") = "WCFService", "WCFService\WCFService.csproj", "{32FEA96B-ABBC-4A17-9DB6-A07F60F1D1C1}"
EndProject
Project("{FAE04EC0-301F-11D3-BF4B-00C04F79EFBC}") = "WCFStarter", "WCFStarter\WCFStarter.csproj", "{9A704745-02DF-41FD-8654-854F3EBCD2D0}"
EndProject
Project("{FAE04EC0-301F-11D3-BF4B-00C04F79EFBC}") = "DAL", "DAL\DAL.csproj", "{B76C9EF2-BF1B-4BA7-BB0B-C16D273B260F}"
EndProject
Project("{FAE04EC0-301F-11D3-BF4B-00C04F79EFBC}") = "TaskHandler", "TaskHandler\TaskHandler.csproj", "{6CD864B5-3A7F-430B-B45A-B58E786B3C95}"
EndProject
Project("{FAE04EC0-301F-11D3-BF4B-00C04F79EFBC}") = "Messages", "Messages\Messages.csproj", "{7E928171-B04E-41DA-867E-4990861D7BFC}"
EndProject
Project("{FAE04EC0-301F-11D3-BF4B-00C04F79EFBC}") = "WCFServiceTests", "WCFServiceTests\WCFServiceTests.csproj", "{398164CA-CDDE-4479-BC29-F058DFEAC58E}"
EndProject
Project("{FAE04EC0-301F-11D3-BF4B-00C04F79EFBC}") = "WCFService.BL", "WCFService.BL\WCFService.BL.csproj", "{F92775C8-EAE3-4356-ACDC-F2F8CC18FFF0}"
EndProject
Project("{2150E333-8FDC-42A3-9474-1A3956D46DE8}") = "Tests", "Tests", "{C9EBD5D6-BE8B-4809-B376-3E5E71C58BEE}"
EndProject
Project("{FAE04EC0-301F-11D3-BF4B-00C04F79EFBC}") = "WCFService.BLTests", "WCFService.BLTests\WCFService.BLTests.csproj", "{EDD878AD-5737-4616-A3EC-CC7239765B99}"
EndProject
Project("{FAE04EC0-301F-11D3-BF4B-00C04F79EFBC}") = "TaskHandlerTests", "TaskHandlerTests\TaskHandlerTests.csproj", "{FC4E6A8F-E9C5-4887-8738-2E0D4AF8FD48}"
EndProject
Project("{FAE04EC0-301F-11D3-BF4B-00C04F79EFBC}") = "TaskHandler.BL", "TaskHandler.BL\TaskHandler.BL.csproj", "{BC39D119-6F8D-4F0C-B4FF-F8E4F3566AEB}"
EndProject
Project("{FAE04EC0-301F-11D3-BF4B-00C04F79EFBC}") = "TaskHandlerBL.Tests", "TaskHandlerBL.Tests\TaskHandlerBL.Tests.csproj", "{04B6C74A-47E9-4039-BE27-4D594843E328}"
EndProject
Global
	GlobalSection(SolutionConfigurationPlatforms) = preSolution
		Debug|Any CPU = Debug|Any CPU
		Release|Any CPU = Release|Any CPU
	EndGlobalSection
	GlobalSection(ProjectConfigurationPlatforms) = postSolution
		{32FEA96B-ABBC-4A17-9DB6-A07F60F1D1C1}.Debug|Any CPU.ActiveCfg = Debug|Any CPU
		{32FEA96B-ABBC-4A17-9DB6-A07F60F1D1C1}.Debug|Any CPU.Build.0 = Debug|Any CPU
		{32FEA96B-ABBC-4A17-9DB6-A07F60F1D1C1}.Release|Any CPU.ActiveCfg = Release|Any CPU
		{32FEA96B-ABBC-4A17-9DB6-A07F60F1D1C1}.Release|Any CPU.Build.0 = Release|Any CPU
		{9A704745-02DF-41FD-8654-854F3EBCD2D0}.Debug|Any CPU.ActiveCfg = Debug|Any CPU
		{9A704745-02DF-41FD-8654-854F3EBCD2D0}.Debug|Any CPU.Build.0 = Debug|Any CPU
		{9A704745-02DF-41FD-8654-854F3EBCD2D0}.Release|Any CPU.ActiveCfg = Release|Any CPU
		{9A704745-02DF-41FD-8654-854F3EBCD2D0}.Release|Any CPU.Build.0 = Release|Any CPU
		{B76C9EF2-BF1B-4BA7-BB0B-C16D273B260F}.Debug|Any CPU.ActiveCfg = Debug|Any CPU
		{B76C9EF2-BF1B-4BA7-BB0B-C16D273B260F}.Debug|Any CPU.Build.0 = Debug|Any CPU
		{B76C9EF2-BF1B-4BA7-BB0B-C16D273B260F}.Release|Any CPU.ActiveCfg = Release|Any CPU
		{B76C9EF2-BF1B-4BA7-BB0B-C16D273B260F}.Release|Any CPU.Build.0 = Release|Any CPU
		{6CD864B5-3A7F-430B-B45A-B58E786B3C95}.Debug|Any CPU.ActiveCfg = Debug|Any CPU
		{6CD864B5-3A7F-430B-B45A-B58E786B3C95}.Debug|Any CPU.Build.0 = Debug|Any CPU
		{6CD864B5-3A7F-430B-B45A-B58E786B3C95}.Release|Any CPU.ActiveCfg = Release|Any CPU
		{6CD864B5-3A7F-430B-B45A-B58E786B3C95}.Release|Any CPU.Build.0 = Release|Any CPU
		{7E928171-B04E-41DA-867E-4990861D7BFC}.Debug|Any CPU.ActiveCfg = Debug|Any CPU
		{7E928171-B04E-41DA-867E-4990861D7BFC}.Debug|Any CPU.Build.0 = Debug|Any CPU
		{7E928171-B04E-41DA-867E-4990861D7BFC}.Release|Any CPU.ActiveCfg = Release|Any CPU
		{7E928171-B04E-41DA-867E-4990861D7BFC}.Release|Any CPU.Build.0 = Release|Any CPU
		{398164CA-CDDE-4479-BC29-F058DFEAC58E}.Debug|Any CPU.ActiveCfg = Debug|Any CPU
		{398164CA-CDDE-4479-BC29-F058DFEAC58E}.Debug|Any CPU.Build.0 = Debug|Any CPU
		{398164CA-CDDE-4479-BC29-F058DFEAC58E}.Release|Any CPU.ActiveCfg = Release|Any CPU
		{398164CA-CDDE-4479-BC29-F058DFEAC58E}.Release|Any CPU.Build.0 = Release|Any CPU
		{F92775C8-EAE3-4356-ACDC-F2F8CC18FFF0}.Debug|Any CPU.ActiveCfg = Debug|Any CPU
		{F92775C8-EAE3-4356-ACDC-F2F8CC18FFF0}.Debug|Any CPU.Build.0 = Debug|Any CPU
		{F92775C8-EAE3-4356-ACDC-F2F8CC18FFF0}.Release|Any CPU.ActiveCfg = Release|Any CPU
		{F92775C8-EAE3-4356-ACDC-F2F8CC18FFF0}.Release|Any CPU.Build.0 = Release|Any CPU
		{EDD878AD-5737-4616-A3EC-CC7239765B99}.Debug|Any CPU.ActiveCfg = Debug|Any CPU
		{EDD878AD-5737-4616-A3EC-CC7239765B99}.Debug|Any CPU.Build.0 = Debug|Any CPU
		{EDD878AD-5737-4616-A3EC-CC7239765B99}.Release|Any CPU.ActiveCfg = Release|Any CPU
		{EDD878AD-5737-4616-A3EC-CC7239765B99}.Release|Any CPU.Build.0 = Release|Any CPU
		{FC4E6A8F-E9C5-4887-8738-2E0D4AF8FD48}.Debug|Any CPU.ActiveCfg = Debug|Any CPU
		{FC4E6A8F-E9C5-4887-8738-2E0D4AF8FD48}.Debug|Any CPU.Build.0 = Debug|Any CPU
		{FC4E6A8F-E9C5-4887-8738-2E0D4AF8FD48}.Release|Any CPU.ActiveCfg = Release|Any CPU
		{FC4E6A8F-E9C5-4887-8738-2E0D4AF8FD48}.Release|Any CPU.Build.0 = Release|Any CPU
		{BC39D119-6F8D-4F0C-B4FF-F8E4F3566AEB}.Debug|Any CPU.ActiveCfg = Debug|Any CPU
		{BC39D119-6F8D-4F0C-B4FF-F8E4F3566AEB}.Debug|Any CPU.Build.0 = Debug|Any CPU
		{BC39D119-6F8D-4F0C-B4FF-F8E4F3566AEB}.Release|Any CPU.ActiveCfg = Release|Any CPU
		{BC39D119-6F8D-4F0C-B4FF-F8E4F3566AEB}.Release|Any CPU.Build.0 = Release|Any CPU
		{04B6C74A-47E9-4039-BE27-4D594843E328}.Debug|Any CPU.ActiveCfg = Debug|Any CPU
		{04B6C74A-47E9-4039-BE27-4D594843E328}.Debug|Any CPU.Build.0 = Debug|Any CPU
		{04B6C74A-47E9-4039-BE27-4D594843E328}.Release|Any CPU.ActiveCfg = Release|Any CPU
		{04B6C74A-47E9-4039-BE27-4D594843E328}.Release|Any CPU.Build.0 = Release|Any CPU
	EndGlobalSection
	GlobalSection(SolutionProperties) = preSolution
		HideSolutionNode = FALSE
	EndGlobalSection
	GlobalSection(NestedProjects) = preSolution
		{398164CA-CDDE-4479-BC29-F058DFEAC58E} = {C9EBD5D6-BE8B-4809-B376-3E5E71C58BEE}
		{EDD878AD-5737-4616-A3EC-CC7239765B99} = {C9EBD5D6-BE8B-4809-B376-3E5E71C58BEE}
		{FC4E6A8F-E9C5-4887-8738-2E0D4AF8FD48} = {C9EBD5D6-BE8B-4809-B376-3E5E71C58BEE}
		{04B6C74A-47E9-4039-BE27-4D594843E328} = {C9EBD5D6-BE8B-4809-B376-3E5E71C58BEE}
	EndGlobalSection
	GlobalSection(ExtensibilityGlobals) = postSolution
		SolutionGuid = {35F397C8-0997-490C-A6E3-38CBDA143DF2}
	EndGlobalSection
EndGlobal
